
Microsoft Visual Studio Solution File, Format Version 12.00
# Visual Studio Version 16
VisualStudioVersion = 16.0.29009.5
MinimumVisualStudioVersion = 10.0.40219.1
Project("{FAE04EC0-301F-11D3-BF4B-00C04F79EFBC}") = "Task", "Task\Task.csproj", "{C960D1DF-EBAC-492D-A436-9F59A1E34F57}"
EndProject
Global
	GlobalSection(SolutionConfigurationPlatforms) = preSolution
		Debug|Any CPU = Debug|Any CPU
		Release|Any CPU = Release|Any CPU
	EndGlobalSection
	GlobalSection(ProjectConfigurationPlatforms) = postSolution
		{C960D1DF-EBAC-492D-A436-9F59A1E34F57}.Debug|Any CPU.ActiveCfg = Debug|Any CPU
		{C960D1DF-EBAC-492D-A436-9F59A1E34F57}.Debug|Any CPU.Build.0 = Debug|Any CPU
		{C960D1DF-EBAC-492D-A436-9F59A1E34F57}.Release|Any CPU.ActiveCfg = Release|Any CPU
		{C960D1DF-EBAC-492D-A436-9F59A1E34F57}.Release|Any CPU.Build.0 = Release|Any CPU
	EndGlobalSection
	GlobalSection(SolutionProperties) = preSolution
		HideSolutionNode = FALSE
	EndGlobalSection
	GlobalSection(ExtensibilityGlobals) = postSolution
		SolutionGuid = {CBBB4220-5AB2-4C92-99C8-1C73829DA1D7}
	EndGlobalSection
EndGlobal
